
Microsoft Visual Studio Solution File, Format Version 12.00
# Visual Studio 15
VisualStudioVersion = 15.0.27428.2015
MinimumVisualStudioVersion = 10.0.40219.1
Project("{FAE04EC0-301F-11D3-BF4B-00C04F79EFBC}") = "SSRS.OpenIDConnect.Security", "src\SSRS.OpenIDConnect.Security\SSRS.OpenIDConnect.Security.csproj", "{F9ACAA61-EC47-47DC-8592-64C79E3B309F}"
EndProject
Project("{FAE04EC0-301F-11D3-BF4B-00C04F79EFBC}") = "SSRS.OpenIDConnect.Security.Tests", "test\SSRS.OpenIDConnect.Security.Tests\SSRS.OpenIDConnect.Security.Tests.csproj", "{71657227-1D08-42C6-88AD-AAD05BDF0BBA}"
EndProject
Global
	GlobalSection(SolutionConfigurationPlatforms) = preSolution
		Debug|Any CPU = Debug|Any CPU
		Release|Any CPU = Release|Any CPU
	EndGlobalSection
	GlobalSection(ProjectConfigurationPlatforms) = postSolution
		{F9ACAA61-EC47-47DC-8592-64C79E3B309F}.Debug|Any CPU.ActiveCfg = Debug|Any CPU
		{F9ACAA61-EC47-47DC-8592-64C79E3B309F}.Debug|Any CPU.Build.0 = Debug|Any CPU
		{F9ACAA61-EC47-47DC-8592-64C79E3B309F}.Release|Any CPU.ActiveCfg = Release|Any CPU
		{F9ACAA61-EC47-47DC-8592-64C79E3B309F}.Release|Any CPU.Build.0 = Release|Any CPU
		{71657227-1D08-42C6-88AD-AAD05BDF0BBA}.Debug|Any CPU.ActiveCfg = Debug|Any CPU
		{71657227-1D08-42C6-88AD-AAD05BDF0BBA}.Debug|Any CPU.Build.0 = Debug|Any CPU
		{71657227-1D08-42C6-88AD-AAD05BDF0BBA}.Release|Any CPU.ActiveCfg = Release|Any CPU
		{71657227-1D08-42C6-88AD-AAD05BDF0BBA}.Release|Any CPU.Build.0 = Release|Any CPU
	EndGlobalSection
	GlobalSection(SolutionProperties) = preSolution
		HideSolutionNode = FALSE
	EndGlobalSection
	GlobalSection(ExtensibilityGlobals) = postSolution
		SolutionGuid = {A067B11E-804C-4700-B7FA-7C34045DBCBD}
	EndGlobalSection
EndGlobal
